
Microsoft Visual Studio Solution File, Format Version 12.00
# Visual Studio Version 16
VisualStudioVersion = 16.0.31702.278
MinimumVisualStudioVersion = 10.0.40219.1
Project("{9A19103F-16F7-4668-BE54-9A1E7A4F7556}") = "Lab_3_1", "Lab_3_1.csproj", "{A63EE74F-CDAE-4AAB-8708-CD64B0186798}"
EndProject
Project("{9A19103F-16F7-4668-BE54-9A1E7A4F7556}") = "Lab_3_2", "..\Lab_3_2\Lab_3_2\Lab_3_2.csproj", "{F3C2B712-2D49-4FE8-906F-81CBDFC8DCBF}"
EndProject
Project("{9A19103F-16F7-4668-BE54-9A1E7A4F7556}") = "Lab_3_3", "..\Lab_3_3\Lab_3_3\Lab_3_3.csproj", "{DD79F6D2-4153-4435-AD0A-385C76D6BC4C}"
EndProject
Global
	GlobalSection(SolutionConfigurationPlatforms) = preSolution
		Debug|Any CPU = Debug|Any CPU
		Debug|x64 = Debug|x64
		Debug|x86 = Debug|x86
		Release|Any CPU = Release|Any CPU
		Release|x64 = Release|x64
		Release|x86 = Release|x86
	EndGlobalSection
	GlobalSection(ProjectConfigurationPlatforms) = postSolution
		{A63EE74F-CDAE-4AAB-8708-CD64B0186798}.Debug|Any CPU.ActiveCfg = Debug|Any CPU
		{A63EE74F-CDAE-4AAB-8708-CD64B0186798}.Debug|Any CPU.Build.0 = Debug|Any CPU
		{A63EE74F-CDAE-4AAB-8708-CD64B0186798}.Debug|x64.ActiveCfg = Debug|Any CPU
		{A63EE74F-CDAE-4AAB-8708-CD64B0186798}.Debug|x64.Build.0 = Debug|Any CPU
		{A63EE74F-CDAE-4AAB-8708-CD64B0186798}.Debug|x86.ActiveCfg = Debug|Any CPU
		{A63EE74F-CDAE-4AAB-8708-CD64B0186798}.Debug|x86.Build.0 = Debug|Any CPU
		{A63EE74F-CDAE-4AAB-8708-CD64B0186798}.Release|Any CPU.ActiveCfg = Release|Any CPU
		{A63EE74F-CDAE-4AAB-8708-CD64B0186798}.Release|Any CPU.Build.0 = Release|Any CPU
		{A63EE74F-CDAE-4AAB-8708-CD64B0186798}.Release|x64.ActiveCfg = Release|Any CPU
		{A63EE74F-CDAE-4AAB-8708-CD64B0186798}.Release|x64.Build.0 = Release|Any CPU
		{A63EE74F-CDAE-4AAB-8708-CD64B0186798}.Release|x86.ActiveCfg = Release|Any CPU
		{A63EE74F-CDAE-4AAB-8708-CD64B0186798}.Release|x86.Build.0 = Release|Any CPU
		{F3C2B712-2D49-4FE8-906F-81CBDFC8DCBF}.Debug|Any CPU.ActiveCfg = Debug|Any CPU
		{F3C2B712-2D49-4FE8-906F-81CBDFC8DCBF}.Debug|Any CPU.Build.0 = Debug|Any CPU
		{F3C2B712-2D49-4FE8-906F-81CBDFC8DCBF}.Debug|x64.ActiveCfg = Debug|Any CPU
		{F3C2B712-2D49-4FE8-906F-81CBDFC8DCBF}.Debug|x64.Build.0 = Debug|Any CPU
		{F3C2B712-2D49-4FE8-906F-81CBDFC8DCBF}.Debug|x86.ActiveCfg = Debug|Any CPU
		{F3C2B712-2D49-4FE8-906F-81CBDFC8DCBF}.Debug|x86.Build.0 = Debug|Any CPU
		{F3C2B712-2D49-4FE8-906F-81CBDFC8DCBF}.Release|Any CPU.ActiveCfg = Release|Any CPU
		{F3C2B712-2D49-4FE8-906F-81CBDFC8DCBF}.Release|Any CPU.Build.0 = Release|Any CPU
		{F3C2B712-2D49-4FE8-906F-81CBDFC8DCBF}.Release|x64.ActiveCfg = Release|Any CPU
		{F3C2B712-2D49-4FE8-906F-81CBDFC8DCBF}.Release|x64.Build.0 = Release|Any CPU
		{F3C2B712-2D49-4FE8-906F-81CBDFC8DCBF}.Release|x86.ActiveCfg = Release|Any CPU
		{F3C2B712-2D49-4FE8-906F-81CBDFC8DCBF}.Release|x86.Build.0 = Release|Any CPU
		{DD79F6D2-4153-4435-AD0A-385C76D6BC4C}.Debug|Any CPU.ActiveCfg = Debug|Any CPU
		{DD79F6D2-4153-4435-AD0A-385C76D6BC4C}.Debug|Any CPU.Build.0 = Debug|Any CPU
		{DD79F6D2-4153-4435-AD0A-385C76D6BC4C}.Debug|x64.ActiveCfg = Debug|Any CPU
		{DD79F6D2-4153-4435-AD0A-385C76D6BC4C}.Debug|x64.Build.0 = Debug|Any CPU
		{DD79F6D2-4153-4435-AD0A-385C76D6BC4C}.Debug|x86.ActiveCfg = Debug|Any CPU
		{DD79F6D2-4153-4435-AD0A-385C76D6BC4C}.Debug|x86.Build.0 = Debug|Any CPU
		{DD79F6D2-4153-4435-AD0A-385C76D6BC4C}.Release|Any CPU.ActiveCfg = Release|Any CPU
		{DD79F6D2-4153-4435-AD0A-385C76D6BC4C}.Release|Any CPU.Build.0 = Release|Any CPU
		{DD79F6D2-4153-4435-AD0A-385C76D6BC4C}.Release|x64.ActiveCfg = Release|Any CPU
		{DD79F6D2-4153-4435-AD0A-385C76D6BC4C}.Release|x64.Build.0 = Release|Any CPU
		{DD79F6D2-4153-4435-AD0A-385C76D6BC4C}.Release|x86.ActiveCfg = Release|Any CPU
		{DD79F6D2-4153-4435-AD0A-385C76D6BC4C}.Release|x86.Build.0 = Release|Any CPU
	EndGlobalSection
	GlobalSection(SolutionProperties) = preSolution
		HideSolutionNode = FALSE
	EndGlobalSection
	GlobalSection(ExtensibilityGlobals) = postSolution
		SolutionGuid = {52447E1F-CB03-45A5-A736-DF1B2AB142A6}
	EndGlobalSection
EndGlobal
